{
  "originHash" : "6cf0359df0fc9ff0fd5e562986ad5428e1f613fdc2a231f1207a9abd354f6456",
  "pins" : [
    {
      "identity" : "sfsafesymbols",
      "kind" : "remoteSourceControl",
      "location" : "https://github.com/SFSafeSymbols/SFSafeSymbols.git",
      "state" : {
        "revision" : "7cca2d60925876b5953a2cf7341cd80fbeac983c",
        "version" : "4.1.1"
      }
    },
    {
      "identity" : "swift-syntax",
      "kind" : "remoteSourceControl",
      "location" : "https://github.com/apple/swift-syntax.git",
      "state" : {
        "revision" : "28018f2a83454368e631fe36c0001ad0db74866e",
        "version" : "600.0.0-prerelease-2024-05-14"
      }
    },
    {
      "identity" : "swift-testing",
      "kind" : "remoteSourceControl",
      "location" : "https://github.com/apple/swift-testing.git",
      "state" : {
        "revision" : "462243a4ce3c682960bef581a84ae63d1b48f5b6",
        "version" : "0.8.0"
      }
    }
  ],
  "version" : 3
}
