{
  "originHash" : "e5eeffe61e7238c2cb59bc3361b8b89bc3b690c98e1764dad9828c92dc1c9da0",
  "pins" : [
    {
      "identity" : "swift-syntax",
      "kind" : "remoteSourceControl",
      "location" : "https://github.com/apple/swift-syntax.git",
      "state" : {
        "revision" : "fa8f95c2d536d6620cc2f504ebe8a6167c9fc2dd",
        "version" : "510.0.1"
      }
    },
    {
      "identity" : "swift-testing",
      "kind" : "remoteSourceControl",
      "location" : "https://github.com/apple/swift-testing.git",
      "state" : {
        "revision" : "97d1f8a4e91794ec6bbf1ecb252ab31b1e255052",
        "version" : "0.7.0"
      }
    }
  ],
  "version" : 3
}
