// !$*UTF8*$!
{
	archiveVersion = 1;
	classes = {
	};
	objectVersion = 56;
	objects = {

/* Begin PBXBuildFile section */
		6BBA33402BC5A43B00EB803D /* QpModuleTests.swift in Sources */ = {isa = PBXBuildFile; fileRef = 6BBA333F2BC5A43B00EB803D /* QpModuleTests.swift */; };
		6BBA33442BC5A46000EB803D /* Scaffolding.swift in Sources */ = {isa = PBXBuildFile; fileRef = 6BBA33432BC5A46000EB803D /* Scaffolding.swift */; };
		6BBA33472BC5A4A200EB803D /* Testing in Frameworks */ = {isa = PBXBuildFile; productRef = 6BBA33462BC5A4A200EB803D /* Testing */; };
		6BC255752BC1A4DC008C5577 /* QuickPackApp.swift in Sources */ = {isa = PBXBuildFile; fileRef = 6BC255742BC1A4DC008C5577 /* QuickPackApp.swift */; };
		6BC2557B2BC1A4DD008C5577 /* Assets.xcassets in Resources */ = {isa = PBXBuildFile; fileRef = 6BC2557A2BC1A4DD008C5577 /* Assets.xcassets */; };
		6BC2557F2BC1A4DD008C5577 /* Preview Assets.xcassets in Resources */ = {isa = PBXBuildFile; fileRef = 6BC2557E2BC1A4DD008C5577 /* Preview Assets.xcassets */; };
		6BC255892BC1A4DD008C5577 /* QuickPackTests.swift in Sources */ = {isa = PBXBuildFile; fileRef = 6BC255882BC1A4DD008C5577 /* QuickPackTests.swift */; };
		6BC255932BC1A4DD008C5577 /* QuickPackUITests.swift in Sources */ = {isa = PBXBuildFile; fileRef = 6BC255922BC1A4DD008C5577 /* QuickPackUITests.swift */; };
		6BC255952BC1A4DD008C5577 /* QuickPackUITestsLaunchTests.swift in Sources */ = {isa = PBXBuildFile; fileRef = 6BC255942BC1A4DD008C5577 /* QuickPackUITestsLaunchTests.swift */; };
		6BC256202BC28181008C5577 /* Core in Frameworks */ = {isa = PBXBuildFile; productRef = 6BC2561F2BC28181008C5577 /* Core */; };
/* End PBXBuildFile section */

/* Begin PBXContainerItemProxy section */
		6BC255852BC1A4DD008C5577 /* PBXContainerItemProxy */ = {
			isa = PBXContainerItemProxy;
			containerPortal = 6BC255692BC1A4DC008C5577 /* Project object */;
			proxyType = 1;
			remoteGlobalIDString = 6BC255702BC1A4DC008C5577;
			remoteInfo = "Quick Pack";
		};
		6BC2558F2BC1A4DD008C5577 /* PBXContainerItemProxy */ = {
			isa = PBXContainerItemProxy;
			containerPortal = 6BC255692BC1A4DC008C5577 /* Project object */;
			proxyType = 1;
			remoteGlobalIDString = 6BC255702BC1A4DC008C5577;
			remoteInfo = "Quick Pack";
		};
/* End PBXContainerItemProxy section */

/* Begin PBXFileReference section */
		6BBA333F2BC5A43B00EB803D /* QpModuleTests.swift */ = {isa = PBXFileReference; lastKnownFileType = sourcecode.swift; path = QpModuleTests.swift; sourceTree = "<group>"; };
		6BBA33432BC5A46000EB803D /* Scaffolding.swift */ = {isa = PBXFileReference; lastKnownFileType = sourcecode.swift; path = Scaffolding.swift; sourceTree = "<group>"; };
		6BC255712BC1A4DC008C5577 /* Quick Pack.app */ = {isa = PBXFileReference; explicitFileType = wrapper.application; includeInIndex = 0; path = "Quick Pack.app"; sourceTree = BUILT_PRODUCTS_DIR; };
		6BC255742BC1A4DC008C5577 /* QuickPackApp.swift */ = {isa = PBXFileReference; lastKnownFileType = sourcecode.swift; path = QuickPackApp.swift; sourceTree = "<group>"; };
		6BC2557A2BC1A4DD008C5577 /* Assets.xcassets */ = {isa = PBXFileReference; lastKnownFileType = folder.assetcatalog; path = Assets.xcassets; sourceTree = "<group>"; };
		6BC2557C2BC1A4DD008C5577 /* Quick_Pack.entitlements */ = {isa = PBXFileReference; lastKnownFileType = text.plist.entitlements; path = Quick_Pack.entitlements; sourceTree = "<group>"; };
		6BC2557E2BC1A4DD008C5577 /* Preview Assets.xcassets */ = {isa = PBXFileReference; lastKnownFileType = folder.assetcatalog; path = "Preview Assets.xcassets"; sourceTree = "<group>"; };
		6BC255842BC1A4DD008C5577 /* Quick PackTests.xctest */ = {isa = PBXFileReference; explicitFileType = wrapper.cfbundle; includeInIndex = 0; path = "Quick PackTests.xctest"; sourceTree = BUILT_PRODUCTS_DIR; };
		6BC255882BC1A4DD008C5577 /* QuickPackTests.swift */ = {isa = PBXFileReference; lastKnownFileType = sourcecode.swift; path = QuickPackTests.swift; sourceTree = "<group>"; };
		6BC2558E2BC1A4DD008C5577 /* Quick PackUITests.xctest */ = {isa = PBXFileReference; explicitFileType = wrapper.cfbundle; includeInIndex = 0; path = "Quick PackUITests.xctest"; sourceTree = BUILT_PRODUCTS_DIR; };
		6BC255922BC1A4DD008C5577 /* QuickPackUITests.swift */ = {isa = PBXFileReference; lastKnownFileType = sourcecode.swift; path = QuickPackUITests.swift; sourceTree = "<group>"; };
		6BC255942BC1A4DD008C5577 /* QuickPackUITestsLaunchTests.swift */ = {isa = PBXFileReference; lastKnownFileType = sourcecode.swift; path = QuickPackUITestsLaunchTests.swift; sourceTree = "<group>"; };
		6BC2561E2BC28127008C5577 /* QpCore */ = {isa = PBXFileReference; lastKnownFileType = wrapper; path = QpCore; sourceTree = "<group>"; };
		6BC256212BC289E8008C5577 /* Quick-Pack-Info.plist */ = {isa = PBXFileReference; lastKnownFileType = text.plist; path = "Quick-Pack-Info.plist"; sourceTree = SOURCE_ROOT; };
/* End PBXFileReference section */

/* Begin PBXFrameworksBuildPhase section */
		6BC2556E2BC1A4DC008C5577 /* Frameworks */ = {
			isa = PBXFrameworksBuildPhase;
			buildActionMask = 2147483647;
			files = (
				6BC256202BC28181008C5577 /* Core in Frameworks */,
			);
			runOnlyForDeploymentPostprocessing = 0;
		};
		6BC255812BC1A4DD008C5577 /* Frameworks */ = {
			isa = PBXFrameworksBuildPhase;
			buildActionMask = 2147483647;
			files = (
				6BBA33472BC5A4A200EB803D /* Testing in Frameworks */,
			);
			runOnlyForDeploymentPostprocessing = 0;
		};
		6BC2558B2BC1A4DD008C5577 /* Frameworks */ = {
			isa = PBXFrameworksBuildPhase;
			buildActionMask = 2147483647;
			files = (
			);
			runOnlyForDeploymentPostprocessing = 0;
		};
/* End PBXFrameworksBuildPhase section */

/* Begin PBXGroup section */
		6BC255682BC1A4DC008C5577 = {
			isa = PBXGroup;
			children = (
				6BC2561E2BC28127008C5577 /* QpCore */,
				6BC255732BC1A4DC008C5577 /* Quick Pack */,
				6BC255872BC1A4DD008C5577 /* Quick PackTests */,
				6BC255912BC1A4DD008C5577 /* Quick PackUITests */,
				6BC255722BC1A4DC008C5577 /* Products */,
				6BC255FF2BC1B5FF008C5577 /* Frameworks */,
			);
			sourceTree = "<group>";
		};
		6BC255722BC1A4DC008C5577 /* Products */ = {
			isa = PBXGroup;
			children = (
				6BC255712BC1A4DC008C5577 /* Quick Pack.app */,
				6BC255842BC1A4DD008C5577 /* Quick PackTests.xctest */,
				6BC2558E2BC1A4DD008C5577 /* Quick PackUITests.xctest */,
			);
			name = Products;
			sourceTree = "<group>";
		};
		6BC255732BC1A4DC008C5577 /* Quick Pack */ = {
			isa = PBXGroup;
			children = (
				6BC256212BC289E8008C5577 /* Quick-Pack-Info.plist */,
				6BC255742BC1A4DC008C5577 /* QuickPackApp.swift */,
				6BC2557A2BC1A4DD008C5577 /* Assets.xcassets */,
				6BC2557C2BC1A4DD008C5577 /* Quick_Pack.entitlements */,
				6BC2557D2BC1A4DD008C5577 /* Preview Content */,
			);
			path = "Quick Pack";
			sourceTree = "<group>";
		};
		6BC2557D2BC1A4DD008C5577 /* Preview Content */ = {
			isa = PBXGroup;
			children = (
				6BC2557E2BC1A4DD008C5577 /* Preview Assets.xcassets */,
			);
			path = "Preview Content";
			sourceTree = "<group>";
		};
		6BC255872BC1A4DD008C5577 /* Quick PackTests */ = {
			isa = PBXGroup;
			children = (
				6BC255882BC1A4DD008C5577 /* QuickPackTests.swift */,
				6BBA333F2BC5A43B00EB803D /* QpModuleTests.swift */,
				6BBA33432BC5A46000EB803D /* Scaffolding.swift */,
			);
			path = "Quick PackTests";
			sourceTree = "<group>";
		};
		6BC255912BC1A4DD008C5577 /* Quick PackUITests */ = {
			isa = PBXGroup;
			children = (
				6BC255922BC1A4DD008C5577 /* QuickPackUITests.swift */,
				6BC255942BC1A4DD008C5577 /* QuickPackUITestsLaunchTests.swift */,
			);
			path = "Quick PackUITests";
			sourceTree = "<group>";
		};
		6BC255FF2BC1B5FF008C5577 /* Frameworks */ = {
			isa = PBXGroup;
			children = (
			);
			name = Frameworks;
			sourceTree = "<group>";
		};
/* End PBXGroup section */

/* Begin PBXNativeTarget section */
		6BC255702BC1A4DC008C5577 /* Quick Pack */ = {
			isa = PBXNativeTarget;
			buildConfigurationList = 6BC255982BC1A4DD008C5577 /* Build configuration list for PBXNativeTarget "Quick Pack" */;
			buildPhases = (
				6BC2556D2BC1A4DC008C5577 /* Sources */,
				6BC2556E2BC1A4DC008C5577 /* Frameworks */,
				6BC2556F2BC1A4DC008C5577 /* Resources */,
				6BC255A12BC1A80E008C5577 /* SwiftLint */,
			);
			buildRules = (
			);
			dependencies = (
			);
			name = "Quick Pack";
			packageProductDependencies = (
				6BC2561F2BC28181008C5577 /* Core */,
			);
			productName = "Quick Pack";
			productReference = 6BC255712BC1A4DC008C5577 /* Quick Pack.app */;
			productType = "com.apple.product-type.application";
		};
		6BC255832BC1A4DD008C5577 /* Quick PackTests */ = {
			isa = PBXNativeTarget;
			buildConfigurationList = 6BC2559B2BC1A4DD008C5577 /* Build configuration list for PBXNativeTarget "Quick PackTests" */;
			buildPhases = (
				6BC255802BC1A4DD008C5577 /* Sources */,
				6BC255812BC1A4DD008C5577 /* Frameworks */,
				6BC255822BC1A4DD008C5577 /* Resources */,
			);
			buildRules = (
			);
			dependencies = (
				6BC255862BC1A4DD008C5577 /* PBXTargetDependency */,
			);
			name = "Quick PackTests";
			packageProductDependencies = (
				6BBA33462BC5A4A200EB803D /* Testing */,
			);
			productName = "Quick PackTests";
			productReference = 6BC255842BC1A4DD008C5577 /* Quick PackTests.xctest */;
			productType = "com.apple.product-type.bundle.unit-test";
		};
		6BC2558D2BC1A4DD008C5577 /* Quick PackUITests */ = {
			isa = PBXNativeTarget;
			buildConfigurationList = 6BC2559E2BC1A4DD008C5577 /* Build configuration list for PBXNativeTarget "Quick PackUITests" */;
			buildPhases = (
				6BC2558A2BC1A4DD008C5577 /* Sources */,
				6BC2558B2BC1A4DD008C5577 /* Frameworks */,
				6BC2558C2BC1A4DD008C5577 /* Resources */,
			);
			buildRules = (
			);
			dependencies = (
				6BC255902BC1A4DD008C5577 /* PBXTargetDependency */,
			);
			name = "Quick PackUITests";
			productName = "Quick PackUITests";
			productReference = 6BC2558E2BC1A4DD008C5577 /* Quick PackUITests.xctest */;
			productType = "com.apple.product-type.bundle.ui-testing";
		};
/* End PBXNativeTarget section */

/* Begin PBXProject section */
		6BC255692BC1A4DC008C5577 /* Project object */ = {
			isa = PBXProject;
			attributes = {
				BuildIndependentTargetsInParallel = 1;
				LastSwiftUpdateCheck = 1530;
				LastUpgradeCheck = 1530;
				TargetAttributes = {
					6BC255702BC1A4DC008C5577 = {
						CreatedOnToolsVersion = 15.3;
					};
					6BC255832BC1A4DD008C5577 = {
						CreatedOnToolsVersion = 15.3;
						TestTargetID = 6BC255702BC1A4DC008C5577;
					};
					6BC2558D2BC1A4DD008C5577 = {
						CreatedOnToolsVersion = 15.3;
						TestTargetID = 6BC255702BC1A4DC008C5577;
					};
				};
			};
			buildConfigurationList = 6BC2556C2BC1A4DC008C5577 /* Build configuration list for PBXProject "Quick Pack" */;
			compatibilityVersion = "Xcode 14.0";
			developmentRegion = en;
			hasScannedForEncodings = 0;
			knownRegions = (
				en,
				Base,
			);
			mainGroup = 6BC255682BC1A4DC008C5577;
			packageReferences = (
				6BBA33452BC5A4A200EB803D /* XCRemoteSwiftPackageReference "swift-testing" */,
			);
			productRefGroup = 6BC255722BC1A4DC008C5577 /* Products */;
			projectDirPath = "";
			projectRoot = "";
			targets = (
				6BC255702BC1A4DC008C5577 /* Quick Pack */,
				6BC255832BC1A4DD008C5577 /* Quick PackTests */,
				6BC2558D2BC1A4DD008C5577 /* Quick PackUITests */,
			);
		};
/* End PBXProject section */

/* Begin PBXResourcesBuildPhase section */
		6BC2556F2BC1A4DC008C5577 /* Resources */ = {
			isa = PBXResourcesBuildPhase;
			buildActionMask = 2147483647;
			files = (
				6BC2557F2BC1A4DD008C5577 /* Preview Assets.xcassets in Resources */,
				6BC2557B2BC1A4DD008C5577 /* Assets.xcassets in Resources */,
			);
			runOnlyForDeploymentPostprocessing = 0;
		};
		6BC255822BC1A4DD008C5577 /* Resources */ = {
			isa = PBXResourcesBuildPhase;
			buildActionMask = 2147483647;
			files = (
			);
			runOnlyForDeploymentPostprocessing = 0;
		};
		6BC2558C2BC1A4DD008C5577 /* Resources */ = {
			isa = PBXResourcesBuildPhase;
			buildActionMask = 2147483647;
			files = (
			);
			runOnlyForDeploymentPostprocessing = 0;
		};
/* End PBXResourcesBuildPhase section */

/* Begin PBXShellScriptBuildPhase section */
		6BC255A12BC1A80E008C5577 /* SwiftLint */ = {
			isa = PBXShellScriptBuildPhase;
			buildActionMask = 2147483647;
			files = (
			);
			inputFileListPaths = (
			);
			inputPaths = (
				"$(SRCROOT)/swiftlint",
			);
			name = SwiftLint;
			outputFileListPaths = (
			);
			outputPaths = (
				"$(DERIVED_FILE_DIR)/swiftlint",
			);
			runOnlyForDeploymentPostprocessing = 0;
			shellPath = /bin/sh;
			shellScript = "if [[ \"$(uname -m)\" == arm64 ]]; then\n    export PATH=\"/opt/homebrew/bin:$PATH\"\nfi\n\nif which swiftlint > /dev/null; then\n  swiftlint\nelse\n  echo \"warning: SwiftLint not installed, download from https://github.com/realm/SwiftLint\"\nfi\n";
		};
/* End PBXShellScriptBuildPhase section */

/* Begin PBXSourcesBuildPhase section */
		6BC2556D2BC1A4DC008C5577 /* Sources */ = {
			isa = PBXSourcesBuildPhase;
			buildActionMask = 2147483647;
			files = (
				6BC255752BC1A4DC008C5577 /* QuickPackApp.swift in Sources */,
			);
			runOnlyForDeploymentPostprocessing = 0;
		};
		6BC255802BC1A4DD008C5577 /* Sources */ = {
			isa = PBXSourcesBuildPhase;
			buildActionMask = 2147483647;
			files = (
				6BBA33402BC5A43B00EB803D /* QpModuleTests.swift in Sources */,
				6BBA33442BC5A46000EB803D /* Scaffolding.swift in Sources */,
				6BC255892BC1A4DD008C5577 /* QuickPackTests.swift in Sources */,
			);
			runOnlyForDeploymentPostprocessing = 0;
		};
		6BC2558A2BC1A4DD008C5577 /* Sources */ = {
			isa = PBXSourcesBuildPhase;
			buildActionMask = 2147483647;
			files = (
				6BC255932BC1A4DD008C5577 /* QuickPackUITests.swift in Sources */,
				6BC255952BC1A4DD008C5577 /* QuickPackUITestsLaunchTests.swift in Sources */,
			);
			runOnlyForDeploymentPostprocessing = 0;
		};
/* End PBXSourcesBuildPhase section */

/* Begin PBXTargetDependency section */
		6BC255862BC1A4DD008C5577 /* PBXTargetDependency */ = {
			isa = PBXTargetDependency;
			target = 6BC255702BC1A4DC008C5577 /* Quick Pack */;
			targetProxy = 6BC255852BC1A4DD008C5577 /* PBXContainerItemProxy */;
		};
		6BC255902BC1A4DD008C5577 /* PBXTargetDependency */ = {
			isa = PBXTargetDependency;
			target = 6BC255702BC1A4DC008C5577 /* Quick Pack */;
			targetProxy = 6BC2558F2BC1A4DD008C5577 /* PBXContainerItemProxy */;
		};
/* End PBXTargetDependency section */

/* Begin XCBuildConfiguration section */
		6BC255962BC1A4DD008C5577 /* Debug */ = {
			isa = XCBuildConfiguration;
			buildSettings = {
				ALWAYS_SEARCH_USER_PATHS = NO;
				ASSETCATALOG_COMPILER_GENERATE_SWIFT_ASSET_SYMBOL_EXTENSIONS = YES;
				CLANG_ANALYZER_NONNULL = YES;
				CLANG_ANALYZER_NUMBER_OBJECT_CONVERSION = YES_AGGRESSIVE;
				CLANG_CXX_LANGUAGE_STANDARD = "gnu++20";
				CLANG_ENABLE_MODULES = YES;
				CLANG_ENABLE_OBJC_ARC = YES;
				CLANG_ENABLE_OBJC_WEAK = YES;
				CLANG_WARN_BLOCK_CAPTURE_AUTORELEASING = YES;
				CLANG_WARN_BOOL_CONVERSION = YES;
				CLANG_WARN_COMMA = YES;
				CLANG_WARN_CONSTANT_CONVERSION = YES;
				CLANG_WARN_DEPRECATED_OBJC_IMPLEMENTATIONS = YES;
				CLANG_WARN_DIRECT_OBJC_ISA_USAGE = YES_ERROR;
				CLANG_WARN_DOCUMENTATION_COMMENTS = YES;
				CLANG_WARN_EMPTY_BODY = YES;
				CLANG_WARN_ENUM_CONVERSION = YES;
				CLANG_WARN_INFINITE_RECURSION = YES;
				CLANG_WARN_INT_CONVERSION = YES;
				CLANG_WARN_NON_LITERAL_NULL_CONVERSION = YES;
				CLANG_WARN_OBJC_IMPLICIT_RETAIN_SELF = YES;
				CLANG_WARN_OBJC_LITERAL_CONVERSION = YES;
				CLANG_WARN_OBJC_ROOT_CLASS = YES_ERROR;
				CLANG_WARN_QUOTED_INCLUDE_IN_FRAMEWORK_HEADER = YES;
				CLANG_WARN_RANGE_LOOP_ANALYSIS = YES;
				CLANG_WARN_STRICT_PROTOTYPES = YES;
				CLANG_WARN_SUSPICIOUS_MOVE = YES;
				CLANG_WARN_UNGUARDED_AVAILABILITY = YES_AGGRESSIVE;
				CLANG_WARN_UNREACHABLE_CODE = YES;
				CLANG_WARN__DUPLICATE_METHOD_MATCH = YES;
				COPY_PHASE_STRIP = NO;
				DEAD_CODE_STRIPPING = YES;
				DEBUG_INFORMATION_FORMAT = dwarf;
				ENABLE_STRICT_OBJC_MSGSEND = YES;
				ENABLE_TESTABILITY = YES;
				ENABLE_USER_SCRIPT_SANDBOXING = NO;
				GCC_C_LANGUAGE_STANDARD = gnu17;
				GCC_DYNAMIC_NO_PIC = NO;
				GCC_NO_COMMON_BLOCKS = YES;
				GCC_OPTIMIZATION_LEVEL = 0;
				GCC_PREPROCESSOR_DEFINITIONS = (
					"DEBUG=1",
					"$(inherited)",
				);
				GCC_WARN_64_TO_32_BIT_CONVERSION = YES;
				GCC_WARN_ABOUT_RETURN_TYPE = YES_ERROR;
				GCC_WARN_UNDECLARED_SELECTOR = YES;
				GCC_WARN_UNINITIALIZED_AUTOS = YES_AGGRESSIVE;
				GCC_WARN_UNUSED_FUNCTION = YES;
				GCC_WARN_UNUSED_VARIABLE = YES;
				LOCALIZATION_PREFERS_STRING_CATALOGS = YES;
				MTL_ENABLE_DEBUG_INFO = INCLUDE_SOURCE;
				MTL_FAST_MATH = YES;
				ONLY_ACTIVE_ARCH = YES;
				SWIFT_ACTIVE_COMPILATION_CONDITIONS = "DEBUG $(inherited)";
				SWIFT_OPTIMIZATION_LEVEL = "-Onone";
			};
			name = Debug;
		};
		6BC255972BC1A4DD008C5577 /* Release */ = {
			isa = XCBuildConfiguration;
			buildSettings = {
				ALWAYS_SEARCH_USER_PATHS = NO;
				ASSETCATALOG_COMPILER_GENERATE_SWIFT_ASSET_SYMBOL_EXTENSIONS = YES;
				CLANG_ANALYZER_NONNULL = YES;
				CLANG_ANALYZER_NUMBER_OBJECT_CONVERSION = YES_AGGRESSIVE;
				CLANG_CXX_LANGUAGE_STANDARD = "gnu++20";
				CLANG_ENABLE_MODULES = YES;
				CLANG_ENABLE_OBJC_ARC = YES;
				CLANG_ENABLE_OBJC_WEAK = YES;
				CLANG_WARN_BLOCK_CAPTURE_AUTORELEASING = YES;
				CLANG_WARN_BOOL_CONVERSION = YES;
				CLANG_WARN_COMMA = YES;
				CLANG_WARN_CONSTANT_CONVERSION = YES;
				CLANG_WARN_DEPRECATED_OBJC_IMPLEMENTATIONS = YES;
				CLANG_WARN_DIRECT_OBJC_ISA_USAGE = YES_ERROR;
				CLANG_WARN_DOCUMENTATION_COMMENTS = YES;
				CLANG_WARN_EMPTY_BODY = YES;
				CLANG_WARN_ENUM_CONVERSION = YES;
				CLANG_WARN_INFINITE_RECURSION = YES;
				CLANG_WARN_INT_CONVERSION = YES;
				CLANG_WARN_NON_LITERAL_NULL_CONVERSION = YES;
				CLANG_WARN_OBJC_IMPLICIT_RETAIN_SELF = YES;
				CLANG_WARN_OBJC_LITERAL_CONVERSION = YES;
				CLANG_WARN_OBJC_ROOT_CLASS = YES_ERROR;
				CLANG_WARN_QUOTED_INCLUDE_IN_FRAMEWORK_HEADER = YES;
				CLANG_WARN_RANGE_LOOP_ANALYSIS = YES;
				CLANG_WARN_STRICT_PROTOTYPES = YES;
				CLANG_WARN_SUSPICIOUS_MOVE = YES;
				CLANG_WARN_UNGUARDED_AVAILABILITY = YES_AGGRESSIVE;
				CLANG_WARN_UNREACHABLE_CODE = YES;
				CLANG_WARN__DUPLICATE_METHOD_MATCH = YES;
				COPY_PHASE_STRIP = NO;
				DEAD_CODE_STRIPPING = YES;
				DEBUG_INFORMATION_FORMAT = "dwarf-with-dsym";
				ENABLE_NS_ASSERTIONS = NO;
				ENABLE_STRICT_OBJC_MSGSEND = YES;
				ENABLE_USER_SCRIPT_SANDBOXING = NO;
				GCC_C_LANGUAGE_STANDARD = gnu17;
				GCC_NO_COMMON_BLOCKS = YES;
				GCC_WARN_64_TO_32_BIT_CONVERSION = YES;
				GCC_WARN_ABOUT_RETURN_TYPE = YES_ERROR;
				GCC_WARN_UNDECLARED_SELECTOR = YES;
				GCC_WARN_UNINITIALIZED_AUTOS = YES_AGGRESSIVE;
				GCC_WARN_UNUSED_FUNCTION = YES;
				GCC_WARN_UNUSED_VARIABLE = YES;
				LOCALIZATION_PREFERS_STRING_CATALOGS = YES;
				MTL_ENABLE_DEBUG_INFO = NO;
				MTL_FAST_MATH = YES;
				SWIFT_COMPILATION_MODE = wholemodule;
			};
			name = Release;
		};
		6BC255992BC1A4DD008C5577 /* Debug */ = {
			isa = XCBuildConfiguration;
			buildSettings = {
				ASSETCATALOG_COMPILER_APPICON_NAME = AppIcon;
				ASSETCATALOG_COMPILER_GLOBAL_ACCENT_COLOR_NAME = AccentColor;
				CODE_SIGN_ENTITLEMENTS = "Quick Pack/Quick_Pack.entitlements";
				CODE_SIGN_STYLE = Automatic;
				CURRENT_PROJECT_VERSION = 0;
				DEAD_CODE_STRIPPING = YES;
				DEVELOPMENT_ASSET_PATHS = "\"Quick Pack/Preview Content\"";
				DEVELOPMENT_TEAM = A7Q83J6LR4;
				ENABLE_HARDENED_RUNTIME = YES;
				ENABLE_PREVIEWS = YES;
				GENERATE_INFOPLIST_FILE = YES;
				INFOPLIST_FILE = "Quick-Pack-Info.plist";
				INFOPLIST_KEY_CFBundleDisplayName = "Quick Pack";
				INFOPLIST_KEY_LSApplicationCategoryType = "public.app-category.travel";
				"INFOPLIST_KEY_UIApplicationSceneManifest_Generation[sdk=iphoneos*]" = YES;
				"INFOPLIST_KEY_UIApplicationSceneManifest_Generation[sdk=iphonesimulator*]" = YES;
				"INFOPLIST_KEY_UIApplicationSupportsIndirectInputEvents[sdk=iphoneos*]" = YES;
				"INFOPLIST_KEY_UIApplicationSupportsIndirectInputEvents[sdk=iphonesimulator*]" = YES;
				"INFOPLIST_KEY_UILaunchScreen_Generation[sdk=iphoneos*]" = YES;
				"INFOPLIST_KEY_UILaunchScreen_Generation[sdk=iphonesimulator*]" = YES;
				"INFOPLIST_KEY_UIStatusBarStyle[sdk=iphoneos*]" = UIStatusBarStyleDefault;
				"INFOPLIST_KEY_UIStatusBarStyle[sdk=iphonesimulator*]" = UIStatusBarStyleDefault;
				INFOPLIST_KEY_UISupportedInterfaceOrientations_iPad = "UIInterfaceOrientationPortrait UIInterfaceOrientationPortraitUpsideDown UIInterfaceOrientationLandscapeLeft UIInterfaceOrientationLandscapeRight";
				INFOPLIST_KEY_UISupportedInterfaceOrientations_iPhone = "UIInterfaceOrientationPortrait UIInterfaceOrientationLandscapeLeft UIInterfaceOrientationLandscapeRight";
				IPHONEOS_DEPLOYMENT_TARGET = 17.4;
				LD_RUNPATH_SEARCH_PATHS = "@executable_path/Frameworks";
				"LD_RUNPATH_SEARCH_PATHS[sdk=macosx*]" = "@executable_path/../Frameworks";
				MACOSX_DEPLOYMENT_TARGET = 14.0;
				MARKETING_VERSION = 0.11;
				PRODUCT_BUNDLE_IDENTIFIER = "fardavide.Quick-Pack";
				PRODUCT_NAME = "$(TARGET_NAME)";
				SDKROOT = auto;
				SUPPORTED_PLATFORMS = "iphoneos iphonesimulator macosx";
				SWIFT_EMIT_LOC_STRINGS = YES;
				SWIFT_VERSION = 5.0;
				TARGETED_DEVICE_FAMILY = "1,2";
			};
			name = Debug;
		};
		6BC2559A2BC1A4DD008C5577 /* Release */ = {
			isa = XCBuildConfiguration;
			buildSettings = {
				ASSETCATALOG_COMPILER_APPICON_NAME = AppIcon;
				ASSETCATALOG_COMPILER_GLOBAL_ACCENT_COLOR_NAME = AccentColor;
				CODE_SIGN_ENTITLEMENTS = "Quick Pack/Quick_Pack.entitlements";
				CODE_SIGN_STYLE = Automatic;
				CURRENT_PROJECT_VERSION = 0;
				DEAD_CODE_STRIPPING = YES;
				DEVELOPMENT_ASSET_PATHS = "\"Quick Pack/Preview Content\"";
				DEVELOPMENT_TEAM = A7Q83J6LR4;
				ENABLE_HARDENED_RUNTIME = YES;
				ENABLE_PREVIEWS = YES;
				GENERATE_INFOPLIST_FILE = YES;
				INFOPLIST_FILE = "Quick-Pack-Info.plist";
				INFOPLIST_KEY_CFBundleDisplayName = "Quick Pack";
				INFOPLIST_KEY_LSApplicationCategoryType = "public.app-category.travel";
				"INFOPLIST_KEY_UIApplicationSceneManifest_Generation[sdk=iphoneos*]" = YES;
				"INFOPLIST_KEY_UIApplicationSceneManifest_Generation[sdk=iphonesimulator*]" = YES;
				"INFOPLIST_KEY_UIApplicationSupportsIndirectInputEvents[sdk=iphoneos*]" = YES;
				"INFOPLIST_KEY_UIApplicationSupportsIndirectInputEvents[sdk=iphonesimulator*]" = YES;
				"INFOPLIST_KEY_UILaunchScreen_Generation[sdk=iphoneos*]" = YES;
				"INFOPLIST_KEY_UILaunchScreen_Generation[sdk=iphonesimulator*]" = YES;
				"INFOPLIST_KEY_UIStatusBarStyle[sdk=iphoneos*]" = UIStatusBarStyleDefault;
				"INFOPLIST_KEY_UIStatusBarStyle[sdk=iphonesimulator*]" = UIStatusBarStyleDefault;
				INFOPLIST_KEY_UISupportedInterfaceOrientations_iPad = "UIInterfaceOrientationPortrait UIInterfaceOrientationPortraitUpsideDown UIInterfaceOrientationLandscapeLeft UIInterfaceOrientationLandscapeRight";
				INFOPLIST_KEY_UISupportedInterfaceOrientations_iPhone = "UIInterfaceOrientationPortrait UIInterfaceOrientationLandscapeLeft UIInterfaceOrientationLandscapeRight";
				IPHONEOS_DEPLOYMENT_TARGET = 17.4;
				LD_RUNPATH_SEARCH_PATHS = "@executable_path/Frameworks";
				"LD_RUNPATH_SEARCH_PATHS[sdk=macosx*]" = "@executable_path/../Frameworks";
				MACOSX_DEPLOYMENT_TARGET = 14.0;
				MARKETING_VERSION = 0.11;
				PRODUCT_BUNDLE_IDENTIFIER = "fardavide.Quick-Pack";
				PRODUCT_NAME = "$(TARGET_NAME)";
				SDKROOT = auto;
				SUPPORTED_PLATFORMS = "iphoneos iphonesimulator macosx";
				SWIFT_EMIT_LOC_STRINGS = YES;
				SWIFT_VERSION = 5.0;
				TARGETED_DEVICE_FAMILY = "1,2";
			};
			name = Release;
		};
		6BC2559C2BC1A4DD008C5577 /* Debug */ = {
			isa = XCBuildConfiguration;
			buildSettings = {
				ALWAYS_EMBED_SWIFT_STANDARD_LIBRARIES = YES;
				BUNDLE_LOADER = "$(TEST_HOST)";
				CODE_SIGN_STYLE = Automatic;
				CURRENT_PROJECT_VERSION = 1;
				DEAD_CODE_STRIPPING = YES;
				DEVELOPMENT_TEAM = A7Q83J6LR4;
				GENERATE_INFOPLIST_FILE = YES;
				IPHONEOS_DEPLOYMENT_TARGET = 17.4;
				MACOSX_DEPLOYMENT_TARGET = 14.4;
				MARKETING_VERSION = 1.0;
				PRODUCT_BUNDLE_IDENTIFIER = "fardavide.Quick-PackTests";
				PRODUCT_NAME = "$(TARGET_NAME)";
				SDKROOT = auto;
				SUPPORTED_PLATFORMS = "iphoneos iphonesimulator macosx";
				SWIFT_EMIT_LOC_STRINGS = NO;
				SWIFT_VERSION = 5.0;
				TARGETED_DEVICE_FAMILY = "1,2";
				TEST_HOST = "$(BUILT_PRODUCTS_DIR)/Quick Pack.app/$(BUNDLE_EXECUTABLE_FOLDER_PATH)/Quick Pack";
			};
			name = Debug;
		};
		6BC2559D2BC1A4DD008C5577 /* Release */ = {
			isa = XCBuildConfiguration;
			buildSettings = {
				ALWAYS_EMBED_SWIFT_STANDARD_LIBRARIES = YES;
				BUNDLE_LOADER = "$(TEST_HOST)";
				CODE_SIGN_STYLE = Automatic;
				CURRENT_PROJECT_VERSION = 1;
				DEAD_CODE_STRIPPING = YES;
				DEVELOPMENT_TEAM = A7Q83J6LR4;
				GENERATE_INFOPLIST_FILE = YES;
				IPHONEOS_DEPLOYMENT_TARGET = 17.4;
				MACOSX_DEPLOYMENT_TARGET = 14.4;
				MARKETING_VERSION = 1.0;
				PRODUCT_BUNDLE_IDENTIFIER = "fardavide.Quick-PackTests";
				PRODUCT_NAME = "$(TARGET_NAME)";
				SDKROOT = auto;
				SUPPORTED_PLATFORMS = "iphoneos iphonesimulator macosx";
				SWIFT_EMIT_LOC_STRINGS = NO;
				SWIFT_VERSION = 5.0;
				TARGETED_DEVICE_FAMILY = "1,2";
				TEST_HOST = "$(BUILT_PRODUCTS_DIR)/Quick Pack.app/$(BUNDLE_EXECUTABLE_FOLDER_PATH)/Quick Pack";
			};
			name = Release;
		};
		6BC2559F2BC1A4DD008C5577 /* Debug */ = {
			isa = XCBuildConfiguration;
			buildSettings = {
				ALWAYS_EMBED_SWIFT_STANDARD_LIBRARIES = YES;
				CODE_SIGN_STYLE = Automatic;
				CURRENT_PROJECT_VERSION = 1;
				DEAD_CODE_STRIPPING = YES;
				DEVELOPMENT_TEAM = A7Q83J6LR4;
				GENERATE_INFOPLIST_FILE = YES;
				IPHONEOS_DEPLOYMENT_TARGET = 17.4;
				MACOSX_DEPLOYMENT_TARGET = 14.4;
				MARKETING_VERSION = 1.0;
				PRODUCT_BUNDLE_IDENTIFIER = "fardavide.Quick-PackUITests";
				PRODUCT_NAME = "$(TARGET_NAME)";
				SDKROOT = auto;
				SUPPORTED_PLATFORMS = "iphoneos iphonesimulator macosx";
				SWIFT_EMIT_LOC_STRINGS = NO;
				SWIFT_VERSION = 5.0;
				TARGETED_DEVICE_FAMILY = "1,2";
				TEST_TARGET_NAME = "Quick Pack";
			};
			name = Debug;
		};
		6BC255A02BC1A4DD008C5577 /* Release */ = {
			isa = XCBuildConfiguration;
			buildSettings = {
				ALWAYS_EMBED_SWIFT_STANDARD_LIBRARIES = YES;
				CODE_SIGN_STYLE = Automatic;
				CURRENT_PROJECT_VERSION = 1;
				DEAD_CODE_STRIPPING = YES;
				DEVELOPMENT_TEAM = A7Q83J6LR4;
				GENERATE_INFOPLIST_FILE = YES;
				IPHONEOS_DEPLOYMENT_TARGET = 17.4;
				MACOSX_DEPLOYMENT_TARGET = 14.4;
				MARKETING_VERSION = 1.0;
				PRODUCT_BUNDLE_IDENTIFIER = "fardavide.Quick-PackUITests";
				PRODUCT_NAME = "$(TARGET_NAME)";
				SDKROOT = auto;
				SUPPORTED_PLATFORMS = "iphoneos iphonesimulator macosx";
				SWIFT_EMIT_LOC_STRINGS = NO;
				SWIFT_VERSION = 5.0;
				TARGETED_DEVICE_FAMILY = "1,2";
				TEST_TARGET_NAME = "Quick Pack";
			};
			name = Release;
		};
/* End XCBuildConfiguration section */

/* Begin XCConfigurationList section */
		6BC2556C2BC1A4DC008C5577 /* Build configuration list for PBXProject "Quick Pack" */ = {
			isa = XCConfigurationList;
			buildConfigurations = (
				6BC255962BC1A4DD008C5577 /* Debug */,
				6BC255972BC1A4DD008C5577 /* Release */,
			);
			defaultConfigurationIsVisible = 0;
			defaultConfigurationName = Release;
		};
		6BC255982BC1A4DD008C5577 /* Build configuration list for PBXNativeTarget "Quick Pack" */ = {
			isa = XCConfigurationList;
			buildConfigurations = (
				6BC255992BC1A4DD008C5577 /* Debug */,
				6BC2559A2BC1A4DD008C5577 /* Release */,
			);
			defaultConfigurationIsVisible = 0;
			defaultConfigurationName = Release;
		};
		6BC2559B2BC1A4DD008C5577 /* Build configuration list for PBXNativeTarget "Quick PackTests" */ = {
			isa = XCConfigurationList;
			buildConfigurations = (
				6BC2559C2BC1A4DD008C5577 /* Debug */,
				6BC2559D2BC1A4DD008C5577 /* Release */,
			);
			defaultConfigurationIsVisible = 0;
			defaultConfigurationName = Release;
		};
		6BC2559E2BC1A4DD008C5577 /* Build configuration list for PBXNativeTarget "Quick PackUITests" */ = {
			isa = XCConfigurationList;
			buildConfigurations = (
				6BC2559F2BC1A4DD008C5577 /* Debug */,
				6BC255A02BC1A4DD008C5577 /* Release */,
			);
			defaultConfigurationIsVisible = 0;
			defaultConfigurationName = Release;
		};
/* End XCConfigurationList section */

/* Begin XCRemoteSwiftPackageReference section */
		6BBA33452BC5A4A200EB803D /* XCRemoteSwiftPackageReference "swift-testing" */ = {
			isa = XCRemoteSwiftPackageReference;
			repositoryURL = "https://github.com/apple/swift-testing";
			requirement = {
				kind = upToNextMajorVersion;
				minimumVersion = 0.7.0;
			};
		};
/* End XCRemoteSwiftPackageReference section */

/* Begin XCSwiftPackageProductDependency section */
		6BBA33462BC5A4A200EB803D /* Testing */ = {
			isa = XCSwiftPackageProductDependency;
			package = 6BBA33452BC5A4A200EB803D /* XCRemoteSwiftPackageReference "swift-testing" */;
			productName = Testing;
		};
		6BC2561F2BC28181008C5577 /* Core */ = {
			isa = XCSwiftPackageProductDependency;
			productName = Core;
		};
/* End XCSwiftPackageProductDependency section */
	};
	rootObject = 6BC255692BC1A4DC008C5577 /* Project object */;
}
